
Microsoft Visual Studio Solution File, Format Version 12.00
# Visual Studio Version 16
VisualStudioVersion = 16.0.30621.155
MinimumVisualStudioVersion = 10.0.40219.1
Project("{F184B08F-C81C-45F6-A57F-5ABD9991F28F}") = "Aoo0304", "Aoo0304.vbproj", "{460E023F-3AB3-4DA1-8D43-2B250408CE0A}"
EndProject
Global
	GlobalSection(SolutionConfigurationPlatforms) = preSolution
		Debug|Any CPU = Debug|Any CPU
		Release|Any CPU = Release|Any CPU
	EndGlobalSection
	GlobalSection(ProjectConfigurationPlatforms) = postSolution
		{460E023F-3AB3-4DA1-8D43-2B250408CE0A}.Debug|Any CPU.ActiveCfg = Debug|Any CPU
		{460E023F-3AB3-4DA1-8D43-2B250408CE0A}.Debug|Any CPU.Build.0 = Debug|Any CPU
		{460E023F-3AB3-4DA1-8D43-2B250408CE0A}.Release|Any CPU.ActiveCfg = Release|Any CPU
		{460E023F-3AB3-4DA1-8D43-2B250408CE0A}.Release|Any CPU.Build.0 = Release|Any CPU
	EndGlobalSection
	GlobalSection(SolutionProperties) = preSolution
		HideSolutionNode = FALSE
	EndGlobalSection
	GlobalSection(ExtensibilityGlobals) = postSolution
		SolutionGuid = {0C22E410-6021-4EFF-AE94-CAF7200D710F}
	EndGlobalSection
EndGlobal
